
Microsoft Visual Studio Solution File, Format Version 12.00
# Visual Studio Version 17
VisualStudioVersion = 17.10.34928.147
MinimumVisualStudioVersion = 10.0.40219.1
Project("{9A19103F-16F7-4668-BE54-9A1E7A4F7556}") = "CurrencyRateMonitor", "CurrencyRateMonitor\CurrencyRateMonitor.csproj", "{A6EA6B8D-16A6-4657-A9B9-0B477192B679}"
EndProject
Project("{E53339B2-1760-4266-BCC7-CA923CBCF16C}") = "docker-compose", "docker-compose.dcproj", "{84BCF2AE-D10C-4476-BE1E-CD24D524F968}"
EndProject
Global
	GlobalSection(SolutionConfigurationPlatforms) = preSolution
		Debug|Any CPU = Debug|Any CPU
		Release|Any CPU = Release|Any CPU
	EndGlobalSection
	GlobalSection(ProjectConfigurationPlatforms) = postSolution
		{A6EA6B8D-16A6-4657-A9B9-0B477192B679}.Debug|Any CPU.ActiveCfg = Debug|Any CPU
		{A6EA6B8D-16A6-4657-A9B9-0B477192B679}.Debug|Any CPU.Build.0 = Debug|Any CPU
		{A6EA6B8D-16A6-4657-A9B9-0B477192B679}.Release|Any CPU.ActiveCfg = Release|Any CPU
		{A6EA6B8D-16A6-4657-A9B9-0B477192B679}.Release|Any CPU.Build.0 = Release|Any CPU
		{84BCF2AE-D10C-4476-BE1E-CD24D524F968}.Debug|Any CPU.ActiveCfg = Debug|Any CPU
		{84BCF2AE-D10C-4476-BE1E-CD24D524F968}.Debug|Any CPU.Build.0 = Debug|Any CPU
		{84BCF2AE-D10C-4476-BE1E-CD24D524F968}.Release|Any CPU.ActiveCfg = Release|Any CPU
		{84BCF2AE-D10C-4476-BE1E-CD24D524F968}.Release|Any CPU.Build.0 = Release|Any CPU
	EndGlobalSection
	GlobalSection(SolutionProperties) = preSolution
		HideSolutionNode = FALSE
	EndGlobalSection
	GlobalSection(ExtensibilityGlobals) = postSolution
		SolutionGuid = {70314219-5219-42B7-9A31-E48DA43FB7F2}
	EndGlobalSection
EndGlobal
